
Microsoft Visual Studio Solution File, Format Version 12.00
# Visual Studio Version 17
VisualStudioVersion = 17.7.34202.233
MinimumVisualStudioVersion = 10.0.40219.1
Project("{FAE04EC0-301F-11D3-BF4B-00C04F79EFBC}") = "CesarCipher", "CesarCipher.csproj", "{CFCD8A50-475B-4EE0-8FDB-3011C3E247FE}"
EndProject
Global
	GlobalSection(SolutionConfigurationPlatforms) = preSolution
		Debug|Any CPU = Debug|Any CPU
		Release|Any CPU = Release|Any CPU
	EndGlobalSection
	GlobalSection(ProjectConfigurationPlatforms) = postSolution
		{CFCD8A50-475B-4EE0-8FDB-3011C3E247FE}.Debug|Any CPU.ActiveCfg = Debug|Any CPU
		{CFCD8A50-475B-4EE0-8FDB-3011C3E247FE}.Debug|Any CPU.Build.0 = Debug|Any CPU
		{CFCD8A50-475B-4EE0-8FDB-3011C3E247FE}.Release|Any CPU.ActiveCfg = Release|Any CPU
		{CFCD8A50-475B-4EE0-8FDB-3011C3E247FE}.Release|Any CPU.Build.0 = Release|Any CPU
	EndGlobalSection
	GlobalSection(SolutionProperties) = preSolution
		HideSolutionNode = FALSE
	EndGlobalSection
	GlobalSection(ExtensibilityGlobals) = postSolution
		SolutionGuid = {891B4696-3A70-4FEE-B491-F61539EC7176}
	EndGlobalSection
EndGlobal
